
Microsoft Visual Studio Solution File, Format Version 12.00
# Visual Studio Version 16
VisualStudioVersion = 16.0.31613.86
MinimumVisualStudioVersion = 10.0.40219.1
Project("{FAE04EC0-301F-11D3-BF4B-00C04F79EFBC}") = "WinFormsApp1", "WinFormsApp1\WinFormsApp1.csproj", "{F6120A8C-67F5-4140-A376-62B83859089A}"
EndProject
Global
	GlobalSection(SolutionConfigurationPlatforms) = preSolution
		Debug|Any CPU = Debug|Any CPU
		Release|Any CPU = Release|Any CPU
	EndGlobalSection
	GlobalSection(ProjectConfigurationPlatforms) = postSolution
		{F6120A8C-67F5-4140-A376-62B83859089A}.Debug|Any CPU.ActiveCfg = Debug|Any CPU
		{F6120A8C-67F5-4140-A376-62B83859089A}.Debug|Any CPU.Build.0 = Debug|Any CPU
		{F6120A8C-67F5-4140-A376-62B83859089A}.Release|Any CPU.ActiveCfg = Release|Any CPU
		{F6120A8C-67F5-4140-A376-62B83859089A}.Release|Any CPU.Build.0 = Release|Any CPU
	EndGlobalSection
	GlobalSection(SolutionProperties) = preSolution
		HideSolutionNode = FALSE
	EndGlobalSection
	GlobalSection(ExtensibilityGlobals) = postSolution
		SolutionGuid = {0D282FC4-1D3F-47AA-A794-24064724C390}
	EndGlobalSection
EndGlobal
